
Microsoft Visual Studio Solution File, Format Version 12.00
# Visual Studio Version 16
VisualStudioVersion = 16.0.31105.61
MinimumVisualStudioVersion = 10.0.40219.1
Project("{9A19103F-16F7-4668-BE54-9A1E7A4F7556}") = "Business", "Business\Business.csproj", "{31BDD431-39D2-4B93-ABAD-B292FFCECD60}"
EndProject
Project("{9A19103F-16F7-4668-BE54-9A1E7A4F7556}") = "Core", "Core\Core.csproj", "{0524F2E8-8C63-4AEC-9EF8-72AA7CF008FE}"
EndProject
Project("{9A19103F-16F7-4668-BE54-9A1E7A4F7556}") = "DataAccess", "DataAccess\DataAccess.csproj", "{E838D448-73CF-4D83-ADB6-ECCD611EA32A}"
EndProject
Project("{9A19103F-16F7-4668-BE54-9A1E7A4F7556}") = "Entities", "Entities\Entities.csproj", "{E99D1A1B-F024-41B2-9049-1C6F615E3576}"
EndProject
Project("{FAE04EC0-301F-11D3-BF4B-00C04F79EFBC}") = "UstasiYapsinAPI", "UstasiYapsinAPI\UstasiYapsinAPI.csproj", "{02C15035-9649-4025-9B07-29F57423D301}"
EndProject
Global
	GlobalSection(SolutionConfigurationPlatforms) = preSolution
		Debug|Any CPU = Debug|Any CPU
		Release|Any CPU = Release|Any CPU
	EndGlobalSection
	GlobalSection(ProjectConfigurationPlatforms) = postSolution
		{31BDD431-39D2-4B93-ABAD-B292FFCECD60}.Debug|Any CPU.ActiveCfg = Debug|Any CPU
		{31BDD431-39D2-4B93-ABAD-B292FFCECD60}.Debug|Any CPU.Build.0 = Debug|Any CPU
		{31BDD431-39D2-4B93-ABAD-B292FFCECD60}.Release|Any CPU.ActiveCfg = Release|Any CPU
		{31BDD431-39D2-4B93-ABAD-B292FFCECD60}.Release|Any CPU.Build.0 = Release|Any CPU
		{0524F2E8-8C63-4AEC-9EF8-72AA7CF008FE}.Debug|Any CPU.ActiveCfg = Debug|Any CPU
		{0524F2E8-8C63-4AEC-9EF8-72AA7CF008FE}.Debug|Any CPU.Build.0 = Debug|Any CPU
		{0524F2E8-8C63-4AEC-9EF8-72AA7CF008FE}.Release|Any CPU.ActiveCfg = Release|Any CPU
		{0524F2E8-8C63-4AEC-9EF8-72AA7CF008FE}.Release|Any CPU.Build.0 = Release|Any CPU
		{E838D448-73CF-4D83-ADB6-ECCD611EA32A}.Debug|Any CPU.ActiveCfg = Debug|Any CPU
		{E838D448-73CF-4D83-ADB6-ECCD611EA32A}.Debug|Any CPU.Build.0 = Debug|Any CPU
		{E838D448-73CF-4D83-ADB6-ECCD611EA32A}.Release|Any CPU.ActiveCfg = Release|Any CPU
		{E838D448-73CF-4D83-ADB6-ECCD611EA32A}.Release|Any CPU.Build.0 = Release|Any CPU
		{E99D1A1B-F024-41B2-9049-1C6F615E3576}.Debug|Any CPU.ActiveCfg = Debug|Any CPU
		{E99D1A1B-F024-41B2-9049-1C6F615E3576}.Debug|Any CPU.Build.0 = Debug|Any CPU
		{E99D1A1B-F024-41B2-9049-1C6F615E3576}.Release|Any CPU.ActiveCfg = Release|Any CPU
		{E99D1A1B-F024-41B2-9049-1C6F615E3576}.Release|Any CPU.Build.0 = Release|Any CPU
		{02C15035-9649-4025-9B07-29F57423D301}.Debug|Any CPU.ActiveCfg = Debug|Any CPU
		{02C15035-9649-4025-9B07-29F57423D301}.Debug|Any CPU.Build.0 = Debug|Any CPU
		{02C15035-9649-4025-9B07-29F57423D301}.Release|Any CPU.ActiveCfg = Release|Any CPU
		{02C15035-9649-4025-9B07-29F57423D301}.Release|Any CPU.Build.0 = Release|Any CPU
	EndGlobalSection
	GlobalSection(SolutionProperties) = preSolution
		HideSolutionNode = FALSE
	EndGlobalSection
	GlobalSection(ExtensibilityGlobals) = postSolution
		SolutionGuid = {AE76DE0E-D5DE-4059-8302-83CE6140BC95}
	EndGlobalSection
EndGlobal
